
Microsoft Visual Studio Solution File, Format Version 12.00
# Visual Studio Version 17
VisualStudioVersion = 17.7.34031.279
MinimumVisualStudioVersion = 10.0.40219.1
Project("{FAE04EC0-301F-11D3-BF4B-00C04F79EFBC}") = "ConsoleApp16", "ConsoleApp16\ConsoleApp16.csproj", "{EDE8A236-1C43-4970-8FD6-6FDC1B4F63DD}"
EndProject
Global
	GlobalSection(SolutionConfigurationPlatforms) = preSolution
		Debug|Any CPU = Debug|Any CPU
		Release|Any CPU = Release|Any CPU
	EndGlobalSection
	GlobalSection(ProjectConfigurationPlatforms) = postSolution
		{EDE8A236-1C43-4970-8FD6-6FDC1B4F63DD}.Debug|Any CPU.ActiveCfg = Debug|Any CPU
		{EDE8A236-1C43-4970-8FD6-6FDC1B4F63DD}.Debug|Any CPU.Build.0 = Debug|Any CPU
		{EDE8A236-1C43-4970-8FD6-6FDC1B4F63DD}.Release|Any CPU.ActiveCfg = Release|Any CPU
		{EDE8A236-1C43-4970-8FD6-6FDC1B4F63DD}.Release|Any CPU.Build.0 = Release|Any CPU
	EndGlobalSection
	GlobalSection(SolutionProperties) = preSolution
		HideSolutionNode = FALSE
	EndGlobalSection
	GlobalSection(ExtensibilityGlobals) = postSolution
		SolutionGuid = {7397DE1B-EE5E-4E18-AB76-70D4ED28CD45}
	EndGlobalSection
EndGlobal
