
Microsoft Visual Studio Solution File, Format Version 12.00
# Visual Studio Version 17
VisualStudioVersion = 17.7.34031.279
MinimumVisualStudioVersion = 10.0.40219.1
Project("{FAE04EC0-301F-11D3-BF4B-00C04F79EFBC}") = "dershafta10", "dershafta10\dershafta10.csproj", "{49DD8CDE-57A3-48E8-97B1-DF3D5032333E}"
EndProject
Global
	GlobalSection(SolutionConfigurationPlatforms) = preSolution
		Debug|Any CPU = Debug|Any CPU
		Release|Any CPU = Release|Any CPU
	EndGlobalSection
	GlobalSection(ProjectConfigurationPlatforms) = postSolution
		{49DD8CDE-57A3-48E8-97B1-DF3D5032333E}.Debug|Any CPU.ActiveCfg = Debug|Any CPU
		{49DD8CDE-57A3-48E8-97B1-DF3D5032333E}.Debug|Any CPU.Build.0 = Debug|Any CPU
		{49DD8CDE-57A3-48E8-97B1-DF3D5032333E}.Release|Any CPU.ActiveCfg = Release|Any CPU
		{49DD8CDE-57A3-48E8-97B1-DF3D5032333E}.Release|Any CPU.Build.0 = Release|Any CPU
	EndGlobalSection
	GlobalSection(SolutionProperties) = preSolution
		HideSolutionNode = FALSE
	EndGlobalSection
	GlobalSection(ExtensibilityGlobals) = postSolution
		SolutionGuid = {57D5E60B-2154-4DB2-B7EE-7AE388553310}
	EndGlobalSection
EndGlobal
