
Microsoft Visual Studio Solution File, Format Version 12.00
# Visual Studio Version 17
VisualStudioVersion = 17.7.34031.279
MinimumVisualStudioVersion = 10.0.40219.1
Project("{FAE04EC0-301F-11D3-BF4B-00C04F79EFBC}") = "Klavyeden veri girişi", "Klavyeden veri girişi\Klavyeden veri girişi.csproj", "{C297E51F-F651-4216-89D9-0CC4A1CCB4B0}"
EndProject
Global
	GlobalSection(SolutionConfigurationPlatforms) = preSolution
		Debug|Any CPU = Debug|Any CPU
		Release|Any CPU = Release|Any CPU
	EndGlobalSection
	GlobalSection(ProjectConfigurationPlatforms) = postSolution
		{C297E51F-F651-4216-89D9-0CC4A1CCB4B0}.Debug|Any CPU.ActiveCfg = Debug|Any CPU
		{C297E51F-F651-4216-89D9-0CC4A1CCB4B0}.Debug|Any CPU.Build.0 = Debug|Any CPU
		{C297E51F-F651-4216-89D9-0CC4A1CCB4B0}.Release|Any CPU.ActiveCfg = Release|Any CPU
		{C297E51F-F651-4216-89D9-0CC4A1CCB4B0}.Release|Any CPU.Build.0 = Release|Any CPU
	EndGlobalSection
	GlobalSection(SolutionProperties) = preSolution
		HideSolutionNode = FALSE
	EndGlobalSection
	GlobalSection(ExtensibilityGlobals) = postSolution
		SolutionGuid = {1CBE654E-0CEF-49A2-A0C2-0C932B98508F}
	EndGlobalSection
EndGlobal
