
Microsoft Visual Studio Solution File, Format Version 12.00
# Visual Studio Version 17
VisualStudioVersion = 17.7.34031.279
MinimumVisualStudioVersion = 10.0.40219.1
Project("{FAE04EC0-301F-11D3-BF4B-00C04F79EFBC}") = "Sinema büfe projesi", "Sinema büfe projesi\Sinema büfe projesi.csproj", "{0EFD1D03-CA3E-4F31-B497-6CBEA4EBD89A}"
EndProject
Global
	GlobalSection(SolutionConfigurationPlatforms) = preSolution
		Debug|Any CPU = Debug|Any CPU
		Release|Any CPU = Release|Any CPU
	EndGlobalSection
	GlobalSection(ProjectConfigurationPlatforms) = postSolution
		{0EFD1D03-CA3E-4F31-B497-6CBEA4EBD89A}.Debug|Any CPU.ActiveCfg = Debug|Any CPU
		{0EFD1D03-CA3E-4F31-B497-6CBEA4EBD89A}.Debug|Any CPU.Build.0 = Debug|Any CPU
		{0EFD1D03-CA3E-4F31-B497-6CBEA4EBD89A}.Release|Any CPU.ActiveCfg = Release|Any CPU
		{0EFD1D03-CA3E-4F31-B497-6CBEA4EBD89A}.Release|Any CPU.Build.0 = Release|Any CPU
	EndGlobalSection
	GlobalSection(SolutionProperties) = preSolution
		HideSolutionNode = FALSE
	EndGlobalSection
	GlobalSection(ExtensibilityGlobals) = postSolution
		SolutionGuid = {5C69DA15-3C95-45BE-9996-2446E22B8361}
	EndGlobalSection
EndGlobal
