
Microsoft Visual Studio Solution File, Format Version 12.00
# Visual Studio Version 17
VisualStudioVersion = 17.7.34031.279
MinimumVisualStudioVersion = 10.0.40219.1
Project("{FAE04EC0-301F-11D3-BF4B-00C04F79EFBC}") = "WindowsFormsApp3", "WindowsFormsApp3\WindowsFormsApp3.csproj", "{140CF371-CA44-44EE-9E40-5768FBD7378A}"
EndProject
Global
	GlobalSection(SolutionConfigurationPlatforms) = preSolution
		Debug|Any CPU = Debug|Any CPU
		Release|Any CPU = Release|Any CPU
	EndGlobalSection
	GlobalSection(ProjectConfigurationPlatforms) = postSolution
		{140CF371-CA44-44EE-9E40-5768FBD7378A}.Debug|Any CPU.ActiveCfg = Debug|Any CPU
		{140CF371-CA44-44EE-9E40-5768FBD7378A}.Debug|Any CPU.Build.0 = Debug|Any CPU
		{140CF371-CA44-44EE-9E40-5768FBD7378A}.Release|Any CPU.ActiveCfg = Release|Any CPU
		{140CF371-CA44-44EE-9E40-5768FBD7378A}.Release|Any CPU.Build.0 = Release|Any CPU
	EndGlobalSection
	GlobalSection(SolutionProperties) = preSolution
		HideSolutionNode = FALSE
	EndGlobalSection
	GlobalSection(ExtensibilityGlobals) = postSolution
		SolutionGuid = {7936E4AF-4512-444F-8960-7EA18E7951DE}
	EndGlobalSection
EndGlobal
