
Microsoft Visual Studio Solution File, Format Version 12.00
# Visual Studio Version 17
VisualStudioVersion = 17.7.34031.279
MinimumVisualStudioVersion = 10.0.40219.1
Project("{FAE04EC0-301F-11D3-BF4B-00C04F79EFBC}") = "Ödev5", "Ödev5\Ödev5.csproj", "{C3F1C2CA-1275-4501-AF69-25F574156FBA}"
EndProject
Global
	GlobalSection(SolutionConfigurationPlatforms) = preSolution
		Debug|Any CPU = Debug|Any CPU
		Release|Any CPU = Release|Any CPU
	EndGlobalSection
	GlobalSection(ProjectConfigurationPlatforms) = postSolution
		{C3F1C2CA-1275-4501-AF69-25F574156FBA}.Debug|Any CPU.ActiveCfg = Debug|Any CPU
		{C3F1C2CA-1275-4501-AF69-25F574156FBA}.Debug|Any CPU.Build.0 = Debug|Any CPU
		{C3F1C2CA-1275-4501-AF69-25F574156FBA}.Release|Any CPU.ActiveCfg = Release|Any CPU
		{C3F1C2CA-1275-4501-AF69-25F574156FBA}.Release|Any CPU.Build.0 = Release|Any CPU
	EndGlobalSection
	GlobalSection(SolutionProperties) = preSolution
		HideSolutionNode = FALSE
	EndGlobalSection
	GlobalSection(ExtensibilityGlobals) = postSolution
		SolutionGuid = {E565AAB1-D292-42D6-96F0-D8B740564DE0}
	EndGlobalSection
EndGlobal
