
Microsoft Visual Studio Solution File, Format Version 12.00
# Visual Studio Version 17
VisualStudioVersion = 17.7.34031.279
MinimumVisualStudioVersion = 10.0.40219.1
Project("{FAE04EC0-301F-11D3-BF4B-00C04F79EFBC}") = "Öğrenci Sınav notu hesaplama", "Öğrenci Sınav notu hesaplama\Öğrenci Sınav notu hesaplama.csproj", "{AEFD0163-97F2-45F4-AD3D-18644C834471}"
EndProject
Global
	GlobalSection(SolutionConfigurationPlatforms) = preSolution
		Debug|Any CPU = Debug|Any CPU
		Release|Any CPU = Release|Any CPU
	EndGlobalSection
	GlobalSection(ProjectConfigurationPlatforms) = postSolution
		{AEFD0163-97F2-45F4-AD3D-18644C834471}.Debug|Any CPU.ActiveCfg = Debug|Any CPU
		{AEFD0163-97F2-45F4-AD3D-18644C834471}.Debug|Any CPU.Build.0 = Debug|Any CPU
		{AEFD0163-97F2-45F4-AD3D-18644C834471}.Release|Any CPU.ActiveCfg = Release|Any CPU
		{AEFD0163-97F2-45F4-AD3D-18644C834471}.Release|Any CPU.Build.0 = Release|Any CPU
	EndGlobalSection
	GlobalSection(SolutionProperties) = preSolution
		HideSolutionNode = FALSE
	EndGlobalSection
	GlobalSection(ExtensibilityGlobals) = postSolution
		SolutionGuid = {40E57715-5FD3-4F15-A449-27A13D98D2DE}
	EndGlobalSection
EndGlobal
